
Microsoft Visual Studio Solution File, Format Version 12.00
# Visual Studio Version 17
VisualStudioVersion = 17.4.33213.308
MinimumVisualStudioVersion = 10.0.40219.1
Project("{FAE04EC0-301F-11D3-BF4B-00C04F79EFBC}") = "advs_asp", "advs_asp\advs_asp.csproj", "{7C053B52-88AE-4CEE-9436-0E8CC8DF6469}"
EndProject
Global
	GlobalSection(SolutionConfigurationPlatforms) = preSolution
		Debug|Any CPU = Debug|Any CPU
		Release|Any CPU = Release|Any CPU
	EndGlobalSection
	GlobalSection(ProjectConfigurationPlatforms) = postSolution
		{7C053B52-88AE-4CEE-9436-0E8CC8DF6469}.Debug|Any CPU.ActiveCfg = Debug|Any CPU
		{7C053B52-88AE-4CEE-9436-0E8CC8DF6469}.Debug|Any CPU.Build.0 = Debug|Any CPU
		{7C053B52-88AE-4CEE-9436-0E8CC8DF6469}.Release|Any CPU.ActiveCfg = Release|Any CPU
		{7C053B52-88AE-4CEE-9436-0E8CC8DF6469}.Release|Any CPU.Build.0 = Release|Any CPU
	EndGlobalSection
	GlobalSection(SolutionProperties) = preSolution
		HideSolutionNode = FALSE
	EndGlobalSection
	GlobalSection(ExtensibilityGlobals) = postSolution
		SolutionGuid = {D11E9576-4498-405A-81E3-C472CE3DE0C3}
	EndGlobalSection
EndGlobal
